
Microsoft Visual Studio Solution File, Format Version 12.00
# Visual Studio Version 17
VisualStudioVersion = 17.5.2.0
MinimumVisualStudioVersion = 10.0.40219.1
Project("{2150E333-8FDC-42A3-9474-1A3956D46DE8}") = "AccountingSoftware", "AccountingSoftware", "{1EE6A3E2-EB38-52CD-E975-F2B09F7FCAE6}"
EndProject
Project("{2150E333-8FDC-42A3-9474-1A3956D46DE8}") = "backend", "backend", "{D5E61668-5D88-4C41-938A-9771027C3B26}"
EndProject
Project("{FAE04EC0-301F-11D3-BF4B-00C04F79EFBC}") = "AccountingApi", "AccountingSoftware\backend\AccountingApi\AccountingApi.csproj", "{A2B45FE5-5FE3-1DD5-C720-46F7AC5420B1}"
EndProject
Project("{FAE04EC0-301F-11D3-BF4B-00C04F79EFBC}") = "Accounting.AppHost", "Accounting.AppHost\Accounting.AppHost.csproj", "{8DB81BA5-7743-44BD-BE61-DC79D3554636}"
EndProject
Project("{FAE04EC0-301F-11D3-BF4B-00C04F79EFBC}") = "Accounting.ServiceDefaults", "Accounting.ServiceDefaults\Accounting.ServiceDefaults.csproj", "{0709735F-4BF6-E961-B0A2-E678B68FB247}"
EndProject
Global
	GlobalSection(SolutionConfigurationPlatforms) = preSolution
		Debug|Any CPU = Debug|Any CPU
		Debug|x64 = Debug|x64
		Debug|x86 = Debug|x86
		Release|Any CPU = Release|Any CPU
		Release|x64 = Release|x64
		Release|x86 = Release|x86
	EndGlobalSection
	GlobalSection(ProjectConfigurationPlatforms) = postSolution
		{A2B45FE5-5FE3-1DD5-C720-46F7AC5420B1}.Debug|Any CPU.ActiveCfg = Debug|Any CPU
		{A2B45FE5-5FE3-1DD5-C720-46F7AC5420B1}.Debug|Any CPU.Build.0 = Debug|Any CPU
		{A2B45FE5-5FE3-1DD5-C720-46F7AC5420B1}.Debug|x64.ActiveCfg = Debug|Any CPU
		{A2B45FE5-5FE3-1DD5-C720-46F7AC5420B1}.Debug|x64.Build.0 = Debug|Any CPU
		{A2B45FE5-5FE3-1DD5-C720-46F7AC5420B1}.Debug|x86.ActiveCfg = Debug|Any CPU
		{A2B45FE5-5FE3-1DD5-C720-46F7AC5420B1}.Debug|x86.Build.0 = Debug|Any CPU
		{A2B45FE5-5FE3-1DD5-C720-46F7AC5420B1}.Release|Any CPU.ActiveCfg = Release|Any CPU
		{A2B45FE5-5FE3-1DD5-C720-46F7AC5420B1}.Release|Any CPU.Build.0 = Release|Any CPU
		{A2B45FE5-5FE3-1DD5-C720-46F7AC5420B1}.Release|x64.ActiveCfg = Release|Any CPU
		{A2B45FE5-5FE3-1DD5-C720-46F7AC5420B1}.Release|x64.Build.0 = Release|Any CPU
		{A2B45FE5-5FE3-1DD5-C720-46F7AC5420B1}.Release|x86.ActiveCfg = Release|Any CPU
		{A2B45FE5-5FE3-1DD5-C720-46F7AC5420B1}.Release|x86.Build.0 = Release|Any CPU
		{8DB81BA5-7743-44BD-BE61-DC79D3554636}.Debug|Any CPU.ActiveCfg = Debug|Any CPU
		{8DB81BA5-7743-44BD-BE61-DC79D3554636}.Debug|Any CPU.Build.0 = Debug|Any CPU
		{8DB81BA5-7743-44BD-BE61-DC79D3554636}.Debug|x64.ActiveCfg = Debug|Any CPU
		{8DB81BA5-7743-44BD-BE61-DC79D3554636}.Debug|x64.Build.0 = Debug|Any CPU
		{8DB81BA5-7743-44BD-BE61-DC79D3554636}.Debug|x86.ActiveCfg = Debug|Any CPU
		{8DB81BA5-7743-44BD-BE61-DC79D3554636}.Debug|x86.Build.0 = Debug|Any CPU
		{8DB81BA5-7743-44BD-BE61-DC79D3554636}.Release|Any CPU.ActiveCfg = Release|Any CPU
		{8DB81BA5-7743-44BD-BE61-DC79D3554636}.Release|Any CPU.Build.0 = Release|Any CPU
		{8DB81BA5-7743-44BD-BE61-DC79D3554636}.Release|x64.ActiveCfg = Release|Any CPU
		{8DB81BA5-7743-44BD-BE61-DC79D3554636}.Release|x64.Build.0 = Release|Any CPU
		{8DB81BA5-7743-44BD-BE61-DC79D3554636}.Release|x86.ActiveCfg = Release|Any CPU
		{8DB81BA5-7743-44BD-BE61-DC79D3554636}.Release|x86.Build.0 = Release|Any CPU
		{0709735F-4BF6-E961-B0A2-E678B68FB247}.Debug|Any CPU.ActiveCfg = Debug|Any CPU
		{0709735F-4BF6-E961-B0A2-E678B68FB247}.Debug|Any CPU.Build.0 = Debug|Any CPU
		{0709735F-4BF6-E961-B0A2-E678B68FB247}.Debug|x64.ActiveCfg = Debug|Any CPU
		{0709735F-4BF6-E961-B0A2-E678B68FB247}.Debug|x64.Build.0 = Debug|Any CPU
		{0709735F-4BF6-E961-B0A2-E678B68FB247}.Debug|x86.ActiveCfg = Debug|Any CPU
		{0709735F-4BF6-E961-B0A2-E678B68FB247}.Debug|x86.Build.0 = Debug|Any CPU
		{0709735F-4BF6-E961-B0A2-E678B68FB247}.Release|Any CPU.ActiveCfg = Release|Any CPU
		{0709735F-4BF6-E961-B0A2-E678B68FB247}.Release|Any CPU.Build.0 = Release|Any CPU
		{0709735F-4BF6-E961-B0A2-E678B68FB247}.Release|x64.ActiveCfg = Release|Any CPU
		{0709735F-4BF6-E961-B0A2-E678B68FB247}.Release|x64.Build.0 = Release|Any CPU
		{0709735F-4BF6-E961-B0A2-E678B68FB247}.Release|x86.ActiveCfg = Release|Any CPU
		{0709735F-4BF6-E961-B0A2-E678B68FB247}.Release|x86.Build.0 = Release|Any CPU
	EndGlobalSection
	GlobalSection(SolutionProperties) = preSolution
		HideSolutionNode = FALSE
	EndGlobalSection
	GlobalSection(NestedProjects) = preSolution
		{D5E61668-5D88-4C41-938A-9771027C3B26} = {1EE6A3E2-EB38-52CD-E975-F2B09F7FCAE6}
		{A2B45FE5-5FE3-1DD5-C720-46F7AC5420B1} = {D5E61668-5D88-4C41-938A-9771027C3B26}
	EndGlobalSection
	GlobalSection(ExtensibilityGlobals) = postSolution
		SolutionGuid = {37A2319B-CF73-4DDF-86D9-7B09859753B3}
	EndGlobalSection
EndGlobal
